
Microsoft Visual Studio Solution File, Format Version 11.00
# Visual Studio 2010
Project("{FAE04EC0-301F-11D3-BF4B-00C04F79EFBC}") = "nEMO", "nEMO\nEMO.csproj", "{DC8A42FF-4671-4B56-8BC7-E63B415B8685}"
EndProject
Global
	GlobalSection(SubversionScc) = preSolution
		Svn-Managed = True
		Manager = AnkhSVN - Subversion Support for Visual Studio
	EndGlobalSection
	GlobalSection(SolutionConfigurationPlatforms) = preSolution
		Debug|Any CPU = Debug|Any CPU
		Release|Any CPU = Release|Any CPU
	EndGlobalSection
	GlobalSection(ProjectConfigurationPlatforms) = postSolution
		{DC8A42FF-4671-4B56-8BC7-E63B415B8685}.Debug|Any CPU.ActiveCfg = Debug|Any CPU
		{DC8A42FF-4671-4B56-8BC7-E63B415B8685}.Debug|Any CPU.Build.0 = Debug|Any CPU
		{DC8A42FF-4671-4B56-8BC7-E63B415B8685}.Release|Any CPU.ActiveCfg = Release|Any CPU
		{DC8A42FF-4671-4B56-8BC7-E63B415B8685}.Release|Any CPU.Build.0 = Release|Any CPU
	EndGlobalSection
	GlobalSection(SolutionProperties) = preSolution
		HideSolutionNode = FALSE
	EndGlobalSection
EndGlobal
